
Microsoft Visual Studio Solution File, Format Version 12.00
# Visual Studio Version 17
VisualStudioVersion = 17.2.32602.215
MinimumVisualStudioVersion = 10.0.40219.1
Project("{FAE04EC0-301F-11D3-BF4B-00C04F79EFBC}") = "vecto.digital.test", "vecto.digital.test\vecto.digital.test.csproj", "{B3B80719-61D5-41DE-AFB6-5002DC51B7DB}"
EndProject
Global
	GlobalSection(SolutionConfigurationPlatforms) = preSolution
		Debug|Any CPU = Debug|Any CPU
		Release|Any CPU = Release|Any CPU
	EndGlobalSection
	GlobalSection(ProjectConfigurationPlatforms) = postSolution
		{B3B80719-61D5-41DE-AFB6-5002DC51B7DB}.Debug|Any CPU.ActiveCfg = Debug|Any CPU
		{B3B80719-61D5-41DE-AFB6-5002DC51B7DB}.Debug|Any CPU.Build.0 = Debug|Any CPU
		{B3B80719-61D5-41DE-AFB6-5002DC51B7DB}.Release|Any CPU.ActiveCfg = Release|Any CPU
		{B3B80719-61D5-41DE-AFB6-5002DC51B7DB}.Release|Any CPU.Build.0 = Release|Any CPU
	EndGlobalSection
	GlobalSection(SolutionProperties) = preSolution
		HideSolutionNode = FALSE
	EndGlobalSection
	GlobalSection(ExtensibilityGlobals) = postSolution
		SolutionGuid = {C92A7361-8A23-41AA-9BDE-75D1EF213E56}
	EndGlobalSection
EndGlobal
